
Microsoft Visual Studio Solution File, Format Version 12.00
# Visual Studio Version 17
VisualStudioVersion = 17.3.32922.545
MinimumVisualStudioVersion = 10.0.40219.1
Project("{9A19103F-16F7-4668-BE54-9A1E7A4F7556}") = "KooliProjekt", "KooliProjekt\KooliProjekt.csproj", "{B6064AB2-66AC-4896-9DFE-E8C97404F6E0}"
EndProject
Project("{9A19103F-16F7-4668-BE54-9A1E7A4F7556}") = "KooliProjekt.UnitTests", "KooliProjekt.UnitTests\KooliProjekt.UnitTests.csproj", "{F9600BE2-5DF5-4AEE-A6C5-138AB60A2BD9}"
EndProject
Project("{9A19103F-16F7-4668-BE54-9A1E7A4F7556}") = "KooliProjekt.IntegrationTests", "KooliProjekt.IntegrationTests\KooliProjekt.IntegrationTests.csproj", "{36F2C3D1-1B1B-4CAC-869A-179D7731D482}"
EndProject
Project("{9A19103F-16F7-4668-BE54-9A1E7A4F7556}") = "WpfApp1", "WpfApp1\WpfApp1.csproj", "{343C6DDE-0007-415B-BAC7-71AE4468D680}"
EndProject
Project("{9A19103F-16F7-4668-BE54-9A1E7A4F7556}") = "KooliProjekt.WpfApp.UnitTests", "KooliProjekt.WpfApp.UnitTests\KooliProjekt.WpfApp.UnitTests.csproj", "{E5CCFD0D-6E40-4E11-A722-0A18CEB8C0D7}"
EndProject
Project("{9A19103F-16F7-4668-BE54-9A1E7A4F7556}") = "KooliProjekt.WpfApp", "..\..\Programmeerimine2-main\KooliProjekt.WpfApp\KooliProjekt.WpfApp.csproj", "{AD594C17-B1E2-4231-8492-F209FDFE1C8D}"
EndProject
Global
	GlobalSection(SolutionConfigurationPlatforms) = preSolution
		Debug|Any CPU = Debug|Any CPU
		Release|Any CPU = Release|Any CPU
	EndGlobalSection
	GlobalSection(ProjectConfigurationPlatforms) = postSolution
		{B6064AB2-66AC-4896-9DFE-E8C97404F6E0}.Debug|Any CPU.ActiveCfg = Debug|Any CPU
		{B6064AB2-66AC-4896-9DFE-E8C97404F6E0}.Debug|Any CPU.Build.0 = Debug|Any CPU
		{B6064AB2-66AC-4896-9DFE-E8C97404F6E0}.Release|Any CPU.ActiveCfg = Release|Any CPU
		{B6064AB2-66AC-4896-9DFE-E8C97404F6E0}.Release|Any CPU.Build.0 = Release|Any CPU
		{F9600BE2-5DF5-4AEE-A6C5-138AB60A2BD9}.Debug|Any CPU.ActiveCfg = Debug|Any CPU
		{F9600BE2-5DF5-4AEE-A6C5-138AB60A2BD9}.Debug|Any CPU.Build.0 = Debug|Any CPU
		{F9600BE2-5DF5-4AEE-A6C5-138AB60A2BD9}.Release|Any CPU.ActiveCfg = Release|Any CPU
		{F9600BE2-5DF5-4AEE-A6C5-138AB60A2BD9}.Release|Any CPU.Build.0 = Release|Any CPU
		{36F2C3D1-1B1B-4CAC-869A-179D7731D482}.Debug|Any CPU.ActiveCfg = Debug|Any CPU
		{36F2C3D1-1B1B-4CAC-869A-179D7731D482}.Debug|Any CPU.Build.0 = Debug|Any CPU
		{36F2C3D1-1B1B-4CAC-869A-179D7731D482}.Release|Any CPU.ActiveCfg = Release|Any CPU
		{36F2C3D1-1B1B-4CAC-869A-179D7731D482}.Release|Any CPU.Build.0 = Release|Any CPU
		{343C6DDE-0007-415B-BAC7-71AE4468D680}.Debug|Any CPU.ActiveCfg = Debug|Any CPU
		{343C6DDE-0007-415B-BAC7-71AE4468D680}.Debug|Any CPU.Build.0 = Debug|Any CPU
		{343C6DDE-0007-415B-BAC7-71AE4468D680}.Release|Any CPU.ActiveCfg = Release|Any CPU
		{343C6DDE-0007-415B-BAC7-71AE4468D680}.Release|Any CPU.Build.0 = Release|Any CPU
		{E5CCFD0D-6E40-4E11-A722-0A18CEB8C0D7}.Debug|Any CPU.ActiveCfg = Debug|Any CPU
		{E5CCFD0D-6E40-4E11-A722-0A18CEB8C0D7}.Debug|Any CPU.Build.0 = Debug|Any CPU
		{E5CCFD0D-6E40-4E11-A722-0A18CEB8C0D7}.Release|Any CPU.ActiveCfg = Release|Any CPU
		{E5CCFD0D-6E40-4E11-A722-0A18CEB8C0D7}.Release|Any CPU.Build.0 = Release|Any CPU
		{AD594C17-B1E2-4231-8492-F209FDFE1C8D}.Debug|Any CPU.ActiveCfg = Debug|Any CPU
		{AD594C17-B1E2-4231-8492-F209FDFE1C8D}.Debug|Any CPU.Build.0 = Debug|Any CPU
		{AD594C17-B1E2-4231-8492-F209FDFE1C8D}.Release|Any CPU.ActiveCfg = Release|Any CPU
		{AD594C17-B1E2-4231-8492-F209FDFE1C8D}.Release|Any CPU.Build.0 = Release|Any CPU
	EndGlobalSection
	GlobalSection(SolutionProperties) = preSolution
		HideSolutionNode = FALSE
	EndGlobalSection
	GlobalSection(ExtensibilityGlobals) = postSolution
		SolutionGuid = {792456E2-8406-497C-97E7-7999439674C1}
	EndGlobalSection
EndGlobal
